<?xml version="1.0" encoding="utf-8"?>
<Project ToolsVersion="4.0" xmlns="http://schemas.microsoft.com/developer/msbuild/2003">
  <ItemGroup>
    <Filter Include="Source Files">
      <UniqueIdentifier>{327079a9-e9bf-49a1-a22b-f58c03b336e9}</UniqueIdentifier>
    </Filter>
    <Filter Include="Generated Files">
      <UniqueIdentifier>{ab39f6b5-18a3-4840-8d37-2a3db325c993}</UniqueIdentifier>
      <SourceControlFiles>False</SourceControlFiles>
    </Filter>
  </ItemGroup>
  <ItemGroup>
    <None Include="TreatWebViewps.def" />
  </ItemGroup>
  <ItemGroup>
    <ClCompile Include="TreatWebView_i.c">
      <Filter>Generated Files</Filter>
    </ClCompile>
    <ClCompile Include="TreatWebView_p.c">
      <Filter>Generated Files</Filter>
    </ClCompile>
    <ClCompile Include="dlldata.c">
      <Filter>Generated Files</Filter>
    </ClCompile>
  </ItemGroup>
</Project>